
Microsoft Visual Studio Solution File, Format Version 12.00
# Visual Studio Version 17
VisualStudioVersion = 17.11.35312.102
MinimumVisualStudioVersion = 10.0.40219.1
Project("{9A19103F-16F7-4668-BE54-9A1E7A4F7556}") = "Learn.Web", "Learn.Web.csproj", "{11FFD90F-CA1D-4F1A-BC82-184579401CA6}"
EndProject
Project("{9A19103F-16F7-4668-BE54-9A1E7A4F7556}") = "Learn.DataAccess", "..\FinalProject.DataAccess\Learn.DataAccess.csproj", "{3EEAF73D-4D8B-44BB-BD63-8AA5E0E1BF17}"
EndProject
Project("{9A19103F-16F7-4668-BE54-9A1E7A4F7556}") = "Learn.Entities", "..\FinalProject.Entities\Learn.Entities.csproj", "{E9F1BB88-E01D-41EF-91F9-3F3BE6453725}"
EndProject
Project("{FAE04EC0-301F-11D3-BF4B-00C04F79EFBC}") = "Learn.Utilities", "..\Learn.Utilities\Learn.Utilities.csproj", "{92C825A8-8C62-4FA4-90DD-F76C7F594572}"
EndProject
Global
	GlobalSection(SolutionConfigurationPlatforms) = preSolution
		Debug|Any CPU = Debug|Any CPU
		Release|Any CPU = Release|Any CPU
	EndGlobalSection
	GlobalSection(ProjectConfigurationPlatforms) = postSolution
		{11FFD90F-CA1D-4F1A-BC82-184579401CA6}.Debug|Any CPU.ActiveCfg = Debug|Any CPU
		{11FFD90F-CA1D-4F1A-BC82-184579401CA6}.Debug|Any CPU.Build.0 = Debug|Any CPU
		{11FFD90F-CA1D-4F1A-BC82-184579401CA6}.Release|Any CPU.ActiveCfg = Release|Any CPU
		{11FFD90F-CA1D-4F1A-BC82-184579401CA6}.Release|Any CPU.Build.0 = Release|Any CPU
		{3EEAF73D-4D8B-44BB-BD63-8AA5E0E1BF17}.Debug|Any CPU.ActiveCfg = Debug|Any CPU
		{3EEAF73D-4D8B-44BB-BD63-8AA5E0E1BF17}.Debug|Any CPU.Build.0 = Debug|Any CPU
		{3EEAF73D-4D8B-44BB-BD63-8AA5E0E1BF17}.Release|Any CPU.ActiveCfg = Release|Any CPU
		{3EEAF73D-4D8B-44BB-BD63-8AA5E0E1BF17}.Release|Any CPU.Build.0 = Release|Any CPU
		{E9F1BB88-E01D-41EF-91F9-3F3BE6453725}.Debug|Any CPU.ActiveCfg = Debug|Any CPU
		{E9F1BB88-E01D-41EF-91F9-3F3BE6453725}.Debug|Any CPU.Build.0 = Debug|Any CPU
		{E9F1BB88-E01D-41EF-91F9-3F3BE6453725}.Release|Any CPU.ActiveCfg = Release|Any CPU
		{E9F1BB88-E01D-41EF-91F9-3F3BE6453725}.Release|Any CPU.Build.0 = Release|Any CPU
		{92C825A8-8C62-4FA4-90DD-F76C7F594572}.Debug|Any CPU.ActiveCfg = Debug|Any CPU
		{92C825A8-8C62-4FA4-90DD-F76C7F594572}.Debug|Any CPU.Build.0 = Debug|Any CPU
		{92C825A8-8C62-4FA4-90DD-F76C7F594572}.Release|Any CPU.ActiveCfg = Release|Any CPU
		{92C825A8-8C62-4FA4-90DD-F76C7F594572}.Release|Any CPU.Build.0 = Release|Any CPU
	EndGlobalSection
	GlobalSection(SolutionProperties) = preSolution
		HideSolutionNode = FALSE
	EndGlobalSection
	GlobalSection(ExtensibilityGlobals) = postSolution
		SolutionGuid = {5B7577B0-E5E4-4FEC-BF92-2C4CD75125E0}
	EndGlobalSection
EndGlobal
